
Microsoft Visual Studio Solution File, Format Version 12.00
# Visual Studio Version 17
VisualStudioVersion = 17.14.36127.28 d17.14
MinimumVisualStudioVersion = 10.0.40219.1
Project("{FAE04EC0-301F-11D3-BF4B-00C04F79EFBC}") = "Zap", "Zap.csproj", "{44FB214B-1495-4A9A-ABD1-01EE1EA2D138}"
EndProject
Global
	GlobalSection(SolutionConfigurationPlatforms) = preSolution
		Debug|Any CPU = Debug|Any CPU
		Release|Any CPU = Release|Any CPU
	EndGlobalSection
	GlobalSection(ProjectConfigurationPlatforms) = postSolution
		{44FB214B-1495-4A9A-ABD1-01EE1EA2D138}.Debug|Any CPU.ActiveCfg = Debug|Any CPU
		{44FB214B-1495-4A9A-ABD1-01EE1EA2D138}.Debug|Any CPU.Build.0 = Debug|Any CPU
		{44FB214B-1495-4A9A-ABD1-01EE1EA2D138}.Release|Any CPU.ActiveCfg = Release|Any CPU
		{44FB214B-1495-4A9A-ABD1-01EE1EA2D138}.Release|Any CPU.Build.0 = Release|Any CPU
	EndGlobalSection
	GlobalSection(SolutionProperties) = preSolution
		HideSolutionNode = FALSE
	EndGlobalSection
	GlobalSection(ExtensibilityGlobals) = postSolution
		SolutionGuid = {0423248A-EDAE-4A21-9F6B-E19784CE30D3}
	EndGlobalSection
EndGlobal
